# @generated by Move, please check-in and do not edit manually.

[move]
version = 3
manifest_digest = "BC22A7995B2AD83CBE74E51F565C64678989795AC42566B813858D1A89B3DB35"
deps_digest = "F8BBB0CCB2491CA29A3DF03D6F92277A4F3574266507ACD77214D37ECA3F3082"
dependencies = [
  { id = "Sui", name = "Sui" },
]

[[move.package]]
id = "MoveStdlib"
source = { git = "https://github.com/MystenLabs/sui.git", rev = "framework/testnet", subdir = "crates/sui-framework/packages/move-stdlib" }

[[move.package]]
id = "Sui"
source = { git = "https://github.com/MystenLabs/sui.git", rev = "framework/testnet", subdir = "crates/sui-framework/packages/sui-framework" }

dependencies = [
  { id = "MoveStdlib", name = "MoveStdlib" },
]

[move.toolchain-version]
compiler-version = "1.42.0"
edition = "2024.beta"
flavor = "sui"

[env]

[env.devnet]
chain-id = "5c7c5411"
original-published-id = "0xc8c7d5883b225e78dfe08031822fe791be784b56113efeb65dfd18ce43d45aa9"
latest-published-id = "0xc8c7d5883b225e78dfe08031822fe791be784b56113efeb65dfd18ce43d45aa9"
published-version = "1"
